{
  "originHash" : "66cf7554f62bc7d34eb4eb1ed3de8df5f48f7af2c9973cd37f154347ad9825a2",
  "pins" : [
    {
      "identity" : "pdkutils",
      "kind" : "remoteSourceControl",
      "location" : "https://source.marquiskurt.net/PDUniverse/PDKUtils.git",
      "state" : {
        "branch" : "main",
        "revision" : "de0adbfdb2a33061e234b069524cf9831e136f32"
      }
    },
    {
      "identity" : "playdatekit",
      "kind" : "remoteSourceControl",
      "location" : "https://source.marquiskurt.net/PDUniverse/PlaydateKit.git",
      "state" : {
        "branch" : "main",
        "revision" : "485b25329a2552222d15564ecb68a4eeb3d901b7"
      }
    }
  ],
  "version" : 3
}
