{
  "originHash" : "3bf387f169b460329d1df0f596165e96553a3f98018a0152b24e822c7263f26c",
  "pins" : [
    {
      "identity" : "pdkutils",
      "kind" : "remoteSourceControl",
      "location" : "https://source.marquiskurt.net/PDUniverse/PDKUtils.git",
      "state" : {
        "branch" : "main",
        "revision" : "0e86c7f76c2dd5c491d92ceb95330315afb3d5a9"
      }
    },
    {
      "identity" : "playdatekit",
      "kind" : "remoteSourceControl",
      "location" : "https://source.marquiskurt.net/PDUniverse/PlaydateKit.git",
      "state" : {
        "branch" : "main",
        "revision" : "485b25329a2552222d15564ecb68a4eeb3d901b7"
      }
    }
  ],
  "version" : 3
}
